// !$*UTF8*$!
{
	archiveVersion = 1;
	classes = {
	};
	objectVersion = 46;
	objects = {

/* Begin PBXBuildFile section */
		C6BEEFF56F9600193A904922 /* libPods-UMShareManager.a in Frameworks */ = {isa = PBXBuildFile; fileRef = B6F481B817B4002A5F0735A3 /* libPods-UMShareManager.a */; };
		E52ADCFB1E44282F0061FC01 /* main.m in Sources */ = {isa = PBXBuildFile; fileRef = E52ADCFA1E44282F0061FC01 /* main.m */; };
		E52ADCFE1E44282F0061FC01 /* AppDelegate.m in Sources */ = {isa = PBXBuildFile; fileRef = E52ADCFD1E44282F0061FC01 /* AppDelegate.m */; };
		E52ADD011E44282F0061FC01 /* ViewController.m in Sources */ = {isa = PBXBuildFile; fileRef = E52ADD001E44282F0061FC01 /* ViewController.m */; };
		E52ADD041E44282F0061FC01 /* Main.storyboard in Resources */ = {isa = PBXBuildFile; fileRef = E52ADD021E44282F0061FC01 /* Main.storyboard */; };
		E52ADD071E44282F0061FC01 /* UMShareManager.xcdatamodeld in Sources */ = {isa = PBXBuildFile; fileRef = E52ADD051E44282F0061FC01 /* UMShareManager.xcdatamodeld */; };
		E52ADD091E44282F0061FC01 /* Assets.xcassets in Resources */ = {isa = PBXBuildFile; fileRef = E52ADD081E44282F0061FC01 /* Assets.xcassets */; };
		E52ADD0C1E44282F0061FC01 /* LaunchScreen.storyboard in Resources */ = {isa = PBXBuildFile; fileRef = E52ADD0A1E44282F0061FC01 /* LaunchScreen.storyboard */; };
		E52ADD4F1E442D0B0061FC01 /* libsqlite3.tbd in Frameworks */ = {isa = PBXBuildFile; fileRef = E52ADD4E1E442D0B0061FC01 /* libsqlite3.tbd */; };
		E52ADD511E442D1B0061FC01 /* CoreGraphics.framework in Frameworks */ = {isa = PBXBuildFile; fileRef = E52ADD501E442D1B0061FC01 /* CoreGraphics.framework */; };
		E52ADD531E442D360061FC01 /* SystemConfiguration.framework in Frameworks */ = {isa = PBXBuildFile; fileRef = E52ADD521E442D360061FC01 /* SystemConfiguration.framework */; };
		E52ADD551E442D3D0061FC01 /* CoreTelephony.framework in Frameworks */ = {isa = PBXBuildFile; fileRef = E52ADD541E442D3D0061FC01 /* CoreTelephony.framework */; };
		E52ADD571E442D4D0061FC01 /* libc++.tbd in Frameworks */ = {isa = PBXBuildFile; fileRef = E52ADD561E442D4D0061FC01 /* libc++.tbd */; };
		E52ADD591E442D560061FC01 /* libz.tbd in Frameworks */ = {isa = PBXBuildFile; fileRef = E52ADD581E442D560061FC01 /* libz.tbd */; };
		E52ADD5B1E442D650061FC01 /* ImageIO.framework in Frameworks */ = {isa = PBXBuildFile; fileRef = E52ADD5A1E442D650061FC01 /* ImageIO.framework */; };
/* End PBXBuildFile section */

/* Begin PBXFileReference section */
		01DC0512DC6FDBAD7EAB10CA /* Pods-UMShareManager.release.xcconfig */ = {isa = PBXFileReference; includeInIndex = 1; lastKnownFileType = text.xcconfig; name = "Pods-UMShareManager.release.xcconfig"; path = "Pods/Target Support Files/Pods-UMShareManager/Pods-UMShareManager.release.xcconfig"; sourceTree = "<group>"; };
		B6F481B817B4002A5F0735A3 /* libPods-UMShareManager.a */ = {isa = PBXFileReference; explicitFileType = archive.ar; includeInIndex = 0; path = "libPods-UMShareManager.a"; sourceTree = BUILT_PRODUCTS_DIR; };
		C9AD5368AD44E21C943D7239 /* Pods-UMShareManager.debug.xcconfig */ = {isa = PBXFileReference; includeInIndex = 1; lastKnownFileType = text.xcconfig; name = "Pods-UMShareManager.debug.xcconfig"; path = "Pods/Target Support Files/Pods-UMShareManager/Pods-UMShareManager.debug.xcconfig"; sourceTree = "<group>"; };
		E52ADCF61E44282F0061FC01 /* UMShareManager.app */ = {isa = PBXFileReference; explicitFileType = wrapper.application; includeInIndex = 0; path = UMShareManager.app; sourceTree = BUILT_PRODUCTS_DIR; };
		E52ADCFA1E44282F0061FC01 /* main.m */ = {isa = PBXFileReference; lastKnownFileType = sourcecode.c.objc; path = main.m; sourceTree = "<group>"; };
		E52ADCFC1E44282F0061FC01 /* AppDelegate.h */ = {isa = PBXFileReference; lastKnownFileType = sourcecode.c.h; path = AppDelegate.h; sourceTree = "<group>"; };
		E52ADCFD1E44282F0061FC01 /* AppDelegate.m */ = {isa = PBXFileReference; lastKnownFileType = sourcecode.c.objc; path = AppDelegate.m; sourceTree = "<group>"; };
		E52ADCFF1E44282F0061FC01 /* ViewController.h */ = {isa = PBXFileReference; lastKnownFileType = sourcecode.c.h; path = ViewController.h; sourceTree = "<group>"; };
		E52ADD001E44282F0061FC01 /* ViewController.m */ = {isa = PBXFileReference; lastKnownFileType = sourcecode.c.objc; path = ViewController.m; sourceTree = "<group>"; };
		E52ADD031E44282F0061FC01 /* Base */ = {isa = PBXFileReference; lastKnownFileType = file.storyboard; name = Base; path = Base.lproj/Main.storyboard; sourceTree = "<group>"; };
		E52ADD061E44282F0061FC01 /* UMShareManager.xcdatamodel */ = {isa = PBXFileReference; lastKnownFileType = wrapper.xcdatamodel; path = UMShareManager.xcdatamodel; sourceTree = "<group>"; };
		E52ADD081E44282F0061FC01 /* Assets.xcassets */ = {isa = PBXFileReference; lastKnownFileType = folder.assetcatalog; path = Assets.xcassets; sourceTree = "<group>"; };
		E52ADD0B1E44282F0061FC01 /* Base */ = {isa = PBXFileReference; lastKnownFileType = file.storyboard; name = Base; path = Base.lproj/LaunchScreen.storyboard; sourceTree = "<group>"; };
		E52ADD0D1E44282F0061FC01 /* Info.plist */ = {isa = PBXFileReference; lastKnownFileType = text.plist.xml; path = Info.plist; sourceTree = "<group>"; };
		E52ADD4E1E442D0B0061FC01 /* libsqlite3.tbd */ = {isa = PBXFileReference; lastKnownFileType = "sourcecode.text-based-dylib-definition"; name = libsqlite3.tbd; path = usr/lib/libsqlite3.tbd; sourceTree = SDKROOT; };
		E52ADD501E442D1B0061FC01 /* CoreGraphics.framework */ = {isa = PBXFileReference; lastKnownFileType = wrapper.framework; name = CoreGraphics.framework; path = System/Library/Frameworks/CoreGraphics.framework; sourceTree = SDKROOT; };
		E52ADD521E442D360061FC01 /* SystemConfiguration.framework */ = {isa = PBXFileReference; lastKnownFileType = wrapper.framework; name = SystemConfiguration.framework; path = System/Library/Frameworks/SystemConfiguration.framework; sourceTree = SDKROOT; };
		E52ADD541E442D3D0061FC01 /* CoreTelephony.framework */ = {isa = PBXFileReference; lastKnownFileType = wrapper.framework; name = CoreTelephony.framework; path = System/Library/Frameworks/CoreTelephony.framework; sourceTree = SDKROOT; };
		E52ADD561E442D4D0061FC01 /* libc++.tbd */ = {isa = PBXFileReference; lastKnownFileType = "sourcecode.text-based-dylib-definition"; name = "libc++.tbd"; path = "usr/lib/libc++.tbd"; sourceTree = SDKROOT; };
		E52ADD581E442D560061FC01 /* libz.tbd */ = {isa = PBXFileReference; lastKnownFileType = "sourcecode.text-based-dylib-definition"; name = libz.tbd; path = usr/lib/libz.tbd; sourceTree = SDKROOT; };
		E52ADD5A1E442D650061FC01 /* ImageIO.framework */ = {isa = PBXFileReference; lastKnownFileType = wrapper.framework; name = ImageIO.framework; path = System/Library/Frameworks/ImageIO.framework; sourceTree = SDKROOT; };
/* End PBXFileReference section */

/* Begin PBXFrameworksBuildPhase section */
		E52ADCF31E44282F0061FC01 /* Frameworks */ = {
			isa = PBXFrameworksBuildPhase;
			buildActionMask = 2147483647;
			files = (
				E52ADD5B1E442D650061FC01 /* ImageIO.framework in Frameworks */,
				E52ADD591E442D560061FC01 /* libz.tbd in Frameworks */,
				E52ADD571E442D4D0061FC01 /* libc++.tbd in Frameworks */,
				E52ADD4F1E442D0B0061FC01 /* libsqlite3.tbd in Frameworks */,
				E52ADD551E442D3D0061FC01 /* CoreTelephony.framework in Frameworks */,
				E52ADD531E442D360061FC01 /* SystemConfiguration.framework in Frameworks */,
				E52ADD511E442D1B0061FC01 /* CoreGraphics.framework in Frameworks */,
				C6BEEFF56F9600193A904922 /* libPods-UMShareManager.a in Frameworks */,
			);
			runOnlyForDeploymentPostprocessing = 0;
		};
/* End PBXFrameworksBuildPhase section */

/* Begin PBXGroup section */
		7DC779C3AD1CFE1E25183C2B /* Pods */ = {
			isa = PBXGroup;
			children = (
				C9AD5368AD44E21C943D7239 /* Pods-UMShareManager.debug.xcconfig */,
				01DC0512DC6FDBAD7EAB10CA /* Pods-UMShareManager.release.xcconfig */,
			);
			name = Pods;
			sourceTree = "<group>";
		};
		E52ADCED1E44282F0061FC01 = {
			isa = PBXGroup;
			children = (
				E52ADCF81E44282F0061FC01 /* UMShareManager */,
				E52ADCF71E44282F0061FC01 /* Products */,
				E52ADD4D1E442D0B0061FC01 /* Frameworks */,
				7DC779C3AD1CFE1E25183C2B /* Pods */,
			);
			sourceTree = "<group>";
		};
		E52ADCF71E44282F0061FC01 /* Products */ = {
			isa = PBXGroup;
			children = (
				E52ADCF61E44282F0061FC01 /* UMShareManager.app */,
			);
			name = Products;
			sourceTree = "<group>";
		};
		E52ADCF81E44282F0061FC01 /* UMShareManager */ = {
			isa = PBXGroup;
			children = (
				E52ADCFC1E44282F0061FC01 /* AppDelegate.h */,
				E52ADCFD1E44282F0061FC01 /* AppDelegate.m */,
				E52ADCFF1E44282F0061FC01 /* ViewController.h */,
				E52ADD001E44282F0061FC01 /* ViewController.m */,
				E52ADD021E44282F0061FC01 /* Main.storyboard */,
				E52ADD081E44282F0061FC01 /* Assets.xcassets */,
				E52ADD0A1E44282F0061FC01 /* LaunchScreen.storyboard */,
				E52ADD0D1E44282F0061FC01 /* Info.plist */,
				E52ADD051E44282F0061FC01 /* UMShareManager.xcdatamodeld */,
				E52ADCF91E44282F0061FC01 /* Supporting Files */,
			);
			path = UMShareManager;
			sourceTree = "<group>";
		};
		E52ADCF91E44282F0061FC01 /* Supporting Files */ = {
			isa = PBXGroup;
			children = (
				E52ADCFA1E44282F0061FC01 /* main.m */,
			);
			name = "Supporting Files";
			sourceTree = "<group>";
		};
		E52ADD4D1E442D0B0061FC01 /* Frameworks */ = {
			isa = PBXGroup;
			children = (
				E52ADD5A1E442D650061FC01 /* ImageIO.framework */,
				E52ADD581E442D560061FC01 /* libz.tbd */,
				E52ADD561E442D4D0061FC01 /* libc++.tbd */,
				E52ADD541E442D3D0061FC01 /* CoreTelephony.framework */,
				E52ADD521E442D360061FC01 /* SystemConfiguration.framework */,
				E52ADD501E442D1B0061FC01 /* CoreGraphics.framework */,
				E52ADD4E1E442D0B0061FC01 /* libsqlite3.tbd */,
				B6F481B817B4002A5F0735A3 /* libPods-UMShareManager.a */,
			);
			name = Frameworks;
			sourceTree = "<group>";
		};
/* End PBXGroup section */

/* Begin PBXNativeTarget section */
		E52ADCF51E44282F0061FC01 /* UMShareManager */ = {
			isa = PBXNativeTarget;
			buildConfigurationList = E52ADD101E44282F0061FC01 /* Build configuration list for PBXNativeTarget "UMShareManager" */;
			buildPhases = (
				11ADEAC1DD98BEB753687CD1 /* [CP] Check Pods Manifest.lock */,
				E52ADCF21E44282F0061FC01 /* Sources */,
				E52ADCF31E44282F0061FC01 /* Frameworks */,
				E52ADCF41E44282F0061FC01 /* Resources */,
				4A80285A66811383E2836C85 /* [CP] Embed Pods Frameworks */,
				420B1134580B8B748584E16C /* [CP] Copy Pods Resources */,
			);
			buildRules = (
			);
			dependencies = (
			);
			name = UMShareManager;
			productName = UMShareManager;
			productReference = E52ADCF61E44282F0061FC01 /* UMShareManager.app */;
			productType = "com.apple.product-type.application";
		};
/* End PBXNativeTarget section */

/* Begin PBXProject section */
		E52ADCEE1E44282F0061FC01 /* Project object */ = {
			isa = PBXProject;
			attributes = {
				LastUpgradeCheck = 0820;
				ORGANIZATIONNAME = andianxiao;
				TargetAttributes = {
					E52ADCF51E44282F0061FC01 = {
						CreatedOnToolsVersion = 8.2;
						DevelopmentTeam = 9F274Z2PYA;
						ProvisioningStyle = Automatic;
					};
				};
			};
			buildConfigurationList = E52ADCF11E44282F0061FC01 /* Build configuration list for PBXProject "UMShareManager" */;
			compatibilityVersion = "Xcode 3.2";
			developmentRegion = English;
			hasScannedForEncodings = 0;
			knownRegions = (
				en,
				Base,
			);
			mainGroup = E52ADCED1E44282F0061FC01;
			productRefGroup = E52ADCF71E44282F0061FC01 /* Products */;
			projectDirPath = "";
			projectRoot = "";
			targets = (
				E52ADCF51E44282F0061FC01 /* UMShareManager */,
			);
		};
/* End PBXProject section */

/* Begin PBXResourcesBuildPhase section */
		E52ADCF41E44282F0061FC01 /* Resources */ = {
			isa = PBXResourcesBuildPhase;
			buildActionMask = 2147483647;
			files = (
				E52ADD0C1E44282F0061FC01 /* LaunchScreen.storyboard in Resources */,
				E52ADD091E44282F0061FC01 /* Assets.xcassets in Resources */,
				E52ADD041E44282F0061FC01 /* Main.storyboard in Resources */,
			);
			runOnlyForDeploymentPostprocessing = 0;
		};
/* End PBXResourcesBuildPhase section */

/* Begin PBXShellScriptBuildPhase section */
		11ADEAC1DD98BEB753687CD1 /* [CP] Check Pods Manifest.lock */ = {
			isa = PBXShellScriptBuildPhase;
			buildActionMask = 2147483647;
			files = (
			);
			inputPaths = (
			);
			name = "[CP] Check Pods Manifest.lock";
			outputPaths = (
			);
			runOnlyForDeploymentPostprocessing = 0;
			shellPath = /bin/sh;
			shellScript = "diff \"${PODS_ROOT}/../Podfile.lock\" \"${PODS_ROOT}/Manifest.lock\" > /dev/null\nif [ $? != 0 ] ; then\n    # print error to STDERR\n    echo \"error: The sandbox is not in sync with the Podfile.lock. Run 'pod install' or update your CocoaPods installation.\" >&2\n    exit 1\nfi\n";
			showEnvVarsInLog = 0;
		};
		420B1134580B8B748584E16C /* [CP] Copy Pods Resources */ = {
			isa = PBXShellScriptBuildPhase;
			buildActionMask = 2147483647;
			files = (
			);
			inputPaths = (
			);
			name = "[CP] Copy Pods Resources";
			outputPaths = (
			);
			runOnlyForDeploymentPostprocessing = 0;
			shellPath = /bin/sh;
			shellScript = "\"${SRCROOT}/Pods/Target Support Files/Pods-UMShareManager/Pods-UMShareManager-resources.sh\"\n";
			showEnvVarsInLog = 0;
		};
		4A80285A66811383E2836C85 /* [CP] Embed Pods Frameworks */ = {
			isa = PBXShellScriptBuildPhase;
			buildActionMask = 2147483647;
			files = (
			);
			inputPaths = (
			);
			name = "[CP] Embed Pods Frameworks";
			outputPaths = (
			);
			runOnlyForDeploymentPostprocessing = 0;
			shellPath = /bin/sh;
			shellScript = "\"${SRCROOT}/Pods/Target Support Files/Pods-UMShareManager/Pods-UMShareManager-frameworks.sh\"\n";
			showEnvVarsInLog = 0;
		};
/* End PBXShellScriptBuildPhase section */

/* Begin PBXSourcesBuildPhase section */
		E52ADCF21E44282F0061FC01 /* Sources */ = {
			isa = PBXSourcesBuildPhase;
			buildActionMask = 2147483647;
			files = (
				E52ADD011E44282F0061FC01 /* ViewController.m in Sources */,
				E52ADCFE1E44282F0061FC01 /* AppDelegate.m in Sources */,
				E52ADCFB1E44282F0061FC01 /* main.m in Sources */,
				E52ADD071E44282F0061FC01 /* UMShareManager.xcdatamodeld in Sources */,
			);
			runOnlyForDeploymentPostprocessing = 0;
		};
/* End PBXSourcesBuildPhase section */

/* Begin PBXVariantGroup section */
		E52ADD021E44282F0061FC01 /* Main.storyboard */ = {
			isa = PBXVariantGroup;
			children = (
				E52ADD031E44282F0061FC01 /* Base */,
			);
			name = Main.storyboard;
			sourceTree = "<group>";
		};
		E52ADD0A1E44282F0061FC01 /* LaunchScreen.storyboard */ = {
			isa = PBXVariantGroup;
			children = (
				E52ADD0B1E44282F0061FC01 /* Base */,
			);
			name = LaunchScreen.storyboard;
			sourceTree = "<group>";
		};
/* End PBXVariantGroup section */

/* Begin XCBuildConfiguration section */
		E52ADD0E1E44282F0061FC01 /* Debug */ = {
			isa = XCBuildConfiguration;
			buildSettings = {
				ALWAYS_SEARCH_USER_PATHS = NO;
				CLANG_ANALYZER_NONNULL = YES;
				CLANG_CXX_LANGUAGE_STANDARD = "gnu++0x";
				CLANG_CXX_LIBRARY = "libc++";
				CLANG_ENABLE_MODULES = YES;
				CLANG_ENABLE_OBJC_ARC = YES;
				CLANG_WARN_BOOL_CONVERSION = YES;
				CLANG_WARN_CONSTANT_CONVERSION = YES;
				CLANG_WARN_DIRECT_OBJC_ISA_USAGE = YES_ERROR;
				CLANG_WARN_DOCUMENTATION_COMMENTS = YES;
				CLANG_WARN_EMPTY_BODY = YES;
				CLANG_WARN_ENUM_CONVERSION = YES;
				CLANG_WARN_INFINITE_RECURSION = YES;
				CLANG_WARN_INT_CONVERSION = YES;
				CLANG_WARN_OBJC_ROOT_CLASS = YES_ERROR;
				CLANG_WARN_SUSPICIOUS_MOVE = YES;
				CLANG_WARN_UNREACHABLE_CODE = YES;
				CLANG_WARN__DUPLICATE_METHOD_MATCH = YES;
				"CODE_SIGN_IDENTITY[sdk=iphoneos*]" = "iPhone Developer";
				COPY_PHASE_STRIP = NO;
				DEBUG_INFORMATION_FORMAT = dwarf;
				ENABLE_STRICT_OBJC_MSGSEND = YES;
				ENABLE_TESTABILITY = YES;
				GCC_C_LANGUAGE_STANDARD = gnu99;
				GCC_DYNAMIC_NO_PIC = NO;
				GCC_NO_COMMON_BLOCKS = YES;
				GCC_OPTIMIZATION_LEVEL = 0;
				GCC_PREPROCESSOR_DEFINITIONS = (
					"DEBUG=1",
					"$(inherited)",
				);
				GCC_WARN_64_TO_32_BIT_CONVERSION = YES;
				GCC_WARN_ABOUT_RETURN_TYPE = YES_ERROR;
				GCC_WARN_UNDECLARED_SELECTOR = YES;
				GCC_WARN_UNINITIALIZED_AUTOS = YES_AGGRESSIVE;
				GCC_WARN_UNUSED_FUNCTION = YES;
				GCC_WARN_UNUSED_VARIABLE = YES;
				IPHONEOS_DEPLOYMENT_TARGET = 10.2;
				MTL_ENABLE_DEBUG_INFO = YES;
				ONLY_ACTIVE_ARCH = YES;
				SDKROOT = iphoneos;
			};
			name = Debug;
		};
		E52ADD0F1E44282F0061FC01 /* Release */ = {
			isa = XCBuildConfiguration;
			buildSettings = {
				ALWAYS_SEARCH_USER_PATHS = NO;
				CLANG_ANALYZER_NONNULL = YES;
				CLANG_CXX_LANGUAGE_STANDARD = "gnu++0x";
				CLANG_CXX_LIBRARY = "libc++";
				CLANG_ENABLE_MODULES = YES;
				CLANG_ENABLE_OBJC_ARC = YES;
				CLANG_WARN_BOOL_CONVERSION = YES;
				CLANG_WARN_CONSTANT_CONVERSION = YES;
				CLANG_WARN_DIRECT_OBJC_ISA_USAGE = YES_ERROR;
				CLANG_WARN_DOCUMENTATION_COMMENTS = YES;
				CLANG_WARN_EMPTY_BODY = YES;
				CLANG_WARN_ENUM_CONVERSION = YES;
				CLANG_WARN_INFINITE_RECURSION = YES;
				CLANG_WARN_INT_CONVERSION = YES;
				CLANG_WARN_OBJC_ROOT_CLASS = YES_ERROR;
				CLANG_WARN_SUSPICIOUS_MOVE = YES;
				CLANG_WARN_UNREACHABLE_CODE = YES;
				CLANG_WARN__DUPLICATE_METHOD_MATCH = YES;
				"CODE_SIGN_IDENTITY[sdk=iphoneos*]" = "iPhone Developer";
				COPY_PHASE_STRIP = NO;
				DEBUG_INFORMATION_FORMAT = "dwarf-with-dsym";
				ENABLE_NS_ASSERTIONS = NO;
				ENABLE_STRICT_OBJC_MSGSEND = YES;
				GCC_C_LANGUAGE_STANDARD = gnu99;
				GCC_NO_COMMON_BLOCKS = YES;
				GCC_WARN_64_TO_32_BIT_CONVERSION = YES;
				GCC_WARN_ABOUT_RETURN_TYPE = YES_ERROR;
				GCC_WARN_UNDECLARED_SELECTOR = YES;
				GCC_WARN_UNINITIALIZED_AUTOS = YES_AGGRESSIVE;
				GCC_WARN_UNUSED_FUNCTION = YES;
				GCC_WARN_UNUSED_VARIABLE = YES;
				IPHONEOS_DEPLOYMENT_TARGET = 10.2;
				MTL_ENABLE_DEBUG_INFO = NO;
				SDKROOT = iphoneos;
				VALIDATE_PRODUCT = YES;
			};
			name = Release;
		};
		E52ADD111E44282F0061FC01 /* Debug */ = {
			isa = XCBuildConfiguration;
			baseConfigurationReference = C9AD5368AD44E21C943D7239 /* Pods-UMShareManager.debug.xcconfig */;
			buildSettings = {
				ASSETCATALOG_COMPILER_APPICON_NAME = AppIcon;
				DEVELOPMENT_TEAM = 9F274Z2PYA;
				FRAMEWORK_SEARCH_PATHS = (
					"$(inherited)",
					"$(PROJECT_DIR)/UMShareManager/UMSocial/SocialLibraries/QQ",
					"$(PROJECT_DIR)/UMShareManager/UMSocial/UMSocialSDK",
					"$(PROJECT_DIR)/UMShareManager/UMSocial/UMSocialUI",
				);
				INFOPLIST_FILE = UMShareManager/Info.plist;
				LD_RUNPATH_SEARCH_PATHS = "$(inherited) @executable_path/Frameworks";
				LIBRARY_SEARCH_PATHS = (
					"$(inherited)",
					"$(PROJECT_DIR)/UMShareManager/UMSocial/SocialLibraries/QQ",
					"$(PROJECT_DIR)/UMShareManager/UMSocial/SocialLibraries/Sina",
					"$(PROJECT_DIR)/UMShareManager/UMSocial/SocialLibraries/WeChat",
				);
				OTHER_LDFLAGS = "-ObjC";
				PRODUCT_BUNDLE_IDENTIFIER = andianxiao.UMShareManager;
				PRODUCT_NAME = "$(TARGET_NAME)";
			};
			name = Debug;
		};
		E52ADD121E44282F0061FC01 /* Release */ = {
			isa = XCBuildConfiguration;
			baseConfigurationReference = 01DC0512DC6FDBAD7EAB10CA /* Pods-UMShareManager.release.xcconfig */;
			buildSettings = {
				ASSETCATALOG_COMPILER_APPICON_NAME = AppIcon;
				DEVELOPMENT_TEAM = 9F274Z2PYA;
				FRAMEWORK_SEARCH_PATHS = (
					"$(inherited)",
					"$(PROJECT_DIR)/UMShareManager/UMSocial/SocialLibraries/QQ",
					"$(PROJECT_DIR)/UMShareManager/UMSocial/UMSocialSDK",
					"$(PROJECT_DIR)/UMShareManager/UMSocial/UMSocialUI",
				);
				INFOPLIST_FILE = UMShareManager/Info.plist;
				LD_RUNPATH_SEARCH_PATHS = "$(inherited) @executable_path/Frameworks";
				LIBRARY_SEARCH_PATHS = (
					"$(inherited)",
					"$(PROJECT_DIR)/UMShareManager/UMSocial/SocialLibraries/QQ",
					"$(PROJECT_DIR)/UMShareManager/UMSocial/SocialLibraries/Sina",
					"$(PROJECT_DIR)/UMShareManager/UMSocial/SocialLibraries/WeChat",
				);
				OTHER_LDFLAGS = "-ObjC";
				PRODUCT_BUNDLE_IDENTIFIER = andianxiao.UMShareManager;
				PRODUCT_NAME = "$(TARGET_NAME)";
			};
			name = Release;
		};
/* End XCBuildConfiguration section */

/* Begin XCConfigurationList section */
		E52ADCF11E44282F0061FC01 /* Build configuration list for PBXProject "UMShareManager" */ = {
			isa = XCConfigurationList;
			buildConfigurations = (
				E52ADD0E1E44282F0061FC01 /* Debug */,
				E52ADD0F1E44282F0061FC01 /* Release */,
			);
			defaultConfigurationIsVisible = 0;
			defaultConfigurationName = Release;
		};
		E52ADD101E44282F0061FC01 /* Build configuration list for PBXNativeTarget "UMShareManager" */ = {
			isa = XCConfigurationList;
			buildConfigurations = (
				E52ADD111E44282F0061FC01 /* Debug */,
				E52ADD121E44282F0061FC01 /* Release */,
			);
			defaultConfigurationIsVisible = 0;
			defaultConfigurationName = Release;
		};
/* End XCConfigurationList section */

/* Begin XCVersionGroup section */
		E52ADD051E44282F0061FC01 /* UMShareManager.xcdatamodeld */ = {
			isa = XCVersionGroup;
			children = (
				E52ADD061E44282F0061FC01 /* UMShareManager.xcdatamodel */,
			);
			currentVersion = E52ADD061E44282F0061FC01 /* UMShareManager.xcdatamodel */;
			path = UMShareManager.xcdatamodeld;
			sourceTree = "<group>";
			versionGroupType = wrapper.xcdatamodel;
		};
/* End XCVersionGroup section */
	};
	rootObject = E52ADCEE1E44282F0061FC01 /* Project object */;
}
